
Microsoft Visual Studio Solution File, Format Version 12.00
# Visual Studio Version 17
VisualStudioVersion = 17.7.34221.43
MinimumVisualStudioVersion = 10.0.40219.1
Project("{9A19103F-16F7-4668-BE54-9A1E7A4F7556}") = "API", "API\API.csproj", "{7F8E1562-F8D5-460F-9729-694F75A213F9}"
EndProject
Global
	GlobalSection(SolutionConfigurationPlatforms) = preSolution
		Debug|Any CPU = Debug|Any CPU
		Release|Any CPU = Release|Any CPU
	EndGlobalSection
	GlobalSection(ProjectConfigurationPlatforms) = postSolution
		{7F8E1562-F8D5-460F-9729-694F75A213F9}.Debug|Any CPU.ActiveCfg = Debug|Any CPU
		{7F8E1562-F8D5-460F-9729-694F75A213F9}.Debug|Any CPU.Build.0 = Debug|Any CPU
		{7F8E1562-F8D5-460F-9729-694F75A213F9}.Release|Any CPU.ActiveCfg = Release|Any CPU
		{7F8E1562-F8D5-460F-9729-694F75A213F9}.Release|Any CPU.Build.0 = Release|Any CPU
	EndGlobalSection
	GlobalSection(SolutionProperties) = preSolution
		HideSolutionNode = FALSE
	EndGlobalSection
	GlobalSection(ExtensibilityGlobals) = postSolution
		SolutionGuid = {0CBE2A88-1389-4DAC-8F8F-ADADEAEE2540}
	EndGlobalSection
EndGlobal
